
Microsoft Visual Studio Solution File, Format Version 12.00
# Visual Studio Version 17
VisualStudioVersion = 17.6.33723.286
MinimumVisualStudioVersion = 10.0.40219.1
Project("{FAE04EC0-301F-11D3-BF4B-00C04F79EFBC}") = "OOPS_Demo", "OOPS_Demo\OOPS_Demo.csproj", "{1E839C5F-89C5-46EA-92F4-947260693BE2}"
EndProject
Global
	GlobalSection(SolutionConfigurationPlatforms) = preSolution
		Debug|Any CPU = Debug|Any CPU
		Release|Any CPU = Release|Any CPU
	EndGlobalSection
	GlobalSection(ProjectConfigurationPlatforms) = postSolution
		{1E839C5F-89C5-46EA-92F4-947260693BE2}.Debug|Any CPU.ActiveCfg = Debug|Any CPU
		{1E839C5F-89C5-46EA-92F4-947260693BE2}.Debug|Any CPU.Build.0 = Debug|Any CPU
		{1E839C5F-89C5-46EA-92F4-947260693BE2}.Release|Any CPU.ActiveCfg = Release|Any CPU
		{1E839C5F-89C5-46EA-92F4-947260693BE2}.Release|Any CPU.Build.0 = Release|Any CPU
	EndGlobalSection
	GlobalSection(SolutionProperties) = preSolution
		HideSolutionNode = FALSE
	EndGlobalSection
	GlobalSection(ExtensibilityGlobals) = postSolution
		SolutionGuid = {6D7F16AA-2E32-437B-B838-276D13C57EFE}
	EndGlobalSection
EndGlobal
